// !$*UTF8*$!
{
	archiveVersion = 1;
	classes = {
	};
	objectVersion = 56;
	objects = {

/* Begin PBXBuildFile section */
		6066D8452AB5250F00F72101 /* EarthquakesApp.swift in Sources */ = {isa = PBXBuildFile; fileRef = 6066D8442AB5250F00F72101 /* EarthquakesApp.swift */; };
		6066D8472AB5250F00F72101 /* Quakes.swift in Sources */ = {isa = PBXBuildFile; fileRef = 6066D8462AB5250F00F72101 /* Quakes.swift */; };
		6066D8492AB5251000F72101 /* Assets.xcassets in Resources */ = {isa = PBXBuildFile; fileRef = 6066D8482AB5251000F72101 /* Assets.xcassets */; };
		6066D84C2AB5251100F72101 /* Preview Assets.xcassets in Resources */ = {isa = PBXBuildFile; fileRef = 6066D84B2AB5251100F72101 /* Preview Assets.xcassets */; };
		6066D85B2AB5294E00F72101 /* Quake.swift in Sources */ = {isa = PBXBuildFile; fileRef = 6066D85A2AB5294E00F72101 /* Quake.swift */; };
		6066D85D2AB52EF000F72101 /* QuakeError.swift in Sources */ = {isa = PBXBuildFile; fileRef = 6066D85C2AB52EF000F72101 /* QuakeError.swift */; };
		6092E64B2AB980310028FE10 /* CacheEntry.swift in Sources */ = {isa = PBXBuildFile; fileRef = 6092E64A2AB980310028FE10 /* CacheEntry.swift */; };
		6092E64D2AB981290028FE10 /* NSCache+Subscript.swift in Sources */ = {isa = PBXBuildFile; fileRef = 6092E64C2AB981290028FE10 /* NSCache+Subscript.swift */; };
		609B32F52AB6CCBE00AC5C8E /* HTTPDataDownloader.swift in Sources */ = {isa = PBXBuildFile; fileRef = 609B32F32AB6CCB800AC5C8E /* HTTPDataDownloader.swift */; };
		609B32F72AB6DBE800AC5C8E /* QuakeClient.swift in Sources */ = {isa = PBXBuildFile; fileRef = 609B32F62AB6DBE800AC5C8E /* QuakeClient.swift */; };
		609B32F82AB6E25300AC5C8E /* TestData.swift in Sources */ = {isa = PBXBuildFile; fileRef = 60AD2B712AB5D13400B43EB4 /* TestData.swift */; };
		609B32FA2AB6F19000AC5C8E /* TestDownloader.swift in Sources */ = {isa = PBXBuildFile; fileRef = 609B32F92AB6F19000AC5C8E /* TestDownloader.swift */; };
		609B32FC2AB71FCD00AC5C8E /* QuakesProvider.swift in Sources */ = {isa = PBXBuildFile; fileRef = 609B32FB2AB71FCD00AC5C8E /* QuakesProvider.swift */; };
		609B32FE2AB725D600AC5C8E /* QuakeRow.swift in Sources */ = {isa = PBXBuildFile; fileRef = 609B32FD2AB725D600AC5C8E /* QuakeRow.swift */; };
		609B33082AB75CA600AC5C8E /* EditButton.swift in Sources */ = {isa = PBXBuildFile; fileRef = 609B33022AB75CA600AC5C8E /* EditButton.swift */; };
		609B33092AB75CA600AC5C8E /* SelectButton.swift in Sources */ = {isa = PBXBuildFile; fileRef = 609B33032AB75CA600AC5C8E /* SelectButton.swift */; };
		609B330A2AB75CA600AC5C8E /* RefreshButton.swift in Sources */ = {isa = PBXBuildFile; fileRef = 609B33042AB75CA600AC5C8E /* RefreshButton.swift */; };
		609B330B2AB75CA600AC5C8E /* DeleteButton.swift in Sources */ = {isa = PBXBuildFile; fileRef = 609B33052AB75CA600AC5C8E /* DeleteButton.swift */; };
		609B330C2AB75CA600AC5C8E /* Quakes+Toolbar.swift in Sources */ = {isa = PBXBuildFile; fileRef = 609B33062AB75CA600AC5C8E /* Quakes+Toolbar.swift */; };
		609B330D2AB75CA600AC5C8E /* ToolbarStatus.swift in Sources */ = {isa = PBXBuildFile; fileRef = 609B33072AB75CA600AC5C8E /* ToolbarStatus.swift */; };
		609B330F2AB75CD800AC5C8E /* Quake+Color.swift in Sources */ = {isa = PBXBuildFile; fileRef = 609B330E2AB75CD800AC5C8E /* Quake+Color.swift */; };
		609B33112AB75CFB00AC5C8E /* QuakeMagnitude.swift in Sources */ = {isa = PBXBuildFile; fileRef = 609B33102AB75CFB00AC5C8E /* QuakeMagnitude.swift */; };
		60AD2B6B2AB5CF1100B43EB4 /* EarthquakesTests.swift in Sources */ = {isa = PBXBuildFile; fileRef = 60AD2B6A2AB5CF1100B43EB4 /* EarthquakesTests.swift */; };
		60AD2B742AB60DFA00B43EB4 /* GeoJSON.swift in Sources */ = {isa = PBXBuildFile; fileRef = 60AD2B732AB60DFA00B43EB4 /* GeoJSON.swift */; };
		60AD2B762AB616E100B43EB4 /* QuakeLocation.swift in Sources */ = {isa = PBXBuildFile; fileRef = 60AD2B752AB616E100B43EB4 /* QuakeLocation.swift */; };
/* End PBXBuildFile section */

/* Begin PBXContainerItemProxy section */
		60AD2B6C2AB5CF1100B43EB4 /* PBXContainerItemProxy */ = {
			isa = PBXContainerItemProxy;
			containerPortal = 6066D8392AB5250F00F72101 /* Project object */;
			proxyType = 1;
			remoteGlobalIDString = 6066D8402AB5250F00F72101;
			remoteInfo = Earthquakes;
		};
/* End PBXContainerItemProxy section */

/* Begin PBXFileReference section */
		6066D8412AB5250F00F72101 /* Earthquakes.app */ = {isa = PBXFileReference; explicitFileType = wrapper.application; includeInIndex = 0; path = Earthquakes.app; sourceTree = BUILT_PRODUCTS_DIR; };
		6066D8442AB5250F00F72101 /* EarthquakesApp.swift */ = {isa = PBXFileReference; lastKnownFileType = sourcecode.swift; path = EarthquakesApp.swift; sourceTree = "<group>"; };
		6066D8462AB5250F00F72101 /* Quakes.swift */ = {isa = PBXFileReference; lastKnownFileType = sourcecode.swift; path = Quakes.swift; sourceTree = "<group>"; };
		6066D8482AB5251000F72101 /* Assets.xcassets */ = {isa = PBXFileReference; lastKnownFileType = folder.assetcatalog; path = Assets.xcassets; sourceTree = "<group>"; };
		6066D84B2AB5251100F72101 /* Preview Assets.xcassets */ = {isa = PBXFileReference; lastKnownFileType = folder.assetcatalog; path = "Preview Assets.xcassets"; sourceTree = "<group>"; };
		6066D85A2AB5294E00F72101 /* Quake.swift */ = {isa = PBXFileReference; lastKnownFileType = sourcecode.swift; path = Quake.swift; sourceTree = "<group>"; };
		6066D85C2AB52EF000F72101 /* QuakeError.swift */ = {isa = PBXFileReference; lastKnownFileType = sourcecode.swift; path = QuakeError.swift; sourceTree = "<group>"; };
		6092E64A2AB980310028FE10 /* CacheEntry.swift */ = {isa = PBXFileReference; lastKnownFileType = sourcecode.swift; path = CacheEntry.swift; sourceTree = "<group>"; };
		6092E64C2AB981290028FE10 /* NSCache+Subscript.swift */ = {isa = PBXFileReference; lastKnownFileType = sourcecode.swift; path = "NSCache+Subscript.swift"; sourceTree = "<group>"; };
		609B32F32AB6CCB800AC5C8E /* HTTPDataDownloader.swift */ = {isa = PBXFileReference; lastKnownFileType = sourcecode.swift; name = HTTPDataDownloader.swift; path = Earthquakes/Models/HTTPDataDownloader.swift; sourceTree = SOURCE_ROOT; };
		609B32F62AB6DBE800AC5C8E /* QuakeClient.swift */ = {isa = PBXFileReference; lastKnownFileType = sourcecode.swift; path = QuakeClient.swift; sourceTree = "<group>"; };
		609B32F92AB6F19000AC5C8E /* TestDownloader.swift */ = {isa = PBXFileReference; lastKnownFileType = sourcecode.swift; path = TestDownloader.swift; sourceTree = "<group>"; };
		609B32FB2AB71FCD00AC5C8E /* QuakesProvider.swift */ = {isa = PBXFileReference; lastKnownFileType = sourcecode.swift; path = QuakesProvider.swift; sourceTree = "<group>"; };
		609B32FD2AB725D600AC5C8E /* QuakeRow.swift */ = {isa = PBXFileReference; fileEncoding = 4; lastKnownFileType = sourcecode.swift; path = QuakeRow.swift; sourceTree = "<group>"; };
		609B33022AB75CA600AC5C8E /* EditButton.swift */ = {isa = PBXFileReference; fileEncoding = 4; lastKnownFileType = sourcecode.swift; path = EditButton.swift; sourceTree = "<group>"; };
		609B33032AB75CA600AC5C8E /* SelectButton.swift */ = {isa = PBXFileReference; fileEncoding = 4; lastKnownFileType = sourcecode.swift; path = SelectButton.swift; sourceTree = "<group>"; };
		609B33042AB75CA600AC5C8E /* RefreshButton.swift */ = {isa = PBXFileReference; fileEncoding = 4; lastKnownFileType = sourcecode.swift; path = RefreshButton.swift; sourceTree = "<group>"; };
		609B33052AB75CA600AC5C8E /* DeleteButton.swift */ = {isa = PBXFileReference; fileEncoding = 4; lastKnownFileType = sourcecode.swift; path = DeleteButton.swift; sourceTree = "<group>"; };
		609B33062AB75CA600AC5C8E /* Quakes+Toolbar.swift */ = {isa = PBXFileReference; fileEncoding = 4; lastKnownFileType = sourcecode.swift; path = "Quakes+Toolbar.swift"; sourceTree = "<group>"; };
		609B33072AB75CA600AC5C8E /* ToolbarStatus.swift */ = {isa = PBXFileReference; fileEncoding = 4; lastKnownFileType = sourcecode.swift; path = ToolbarStatus.swift; sourceTree = "<group>"; };
		609B330E2AB75CD800AC5C8E /* Quake+Color.swift */ = {isa = PBXFileReference; fileEncoding = 4; lastKnownFileType = sourcecode.swift; path = "Quake+Color.swift"; sourceTree = "<group>"; };
		609B33102AB75CFB00AC5C8E /* QuakeMagnitude.swift */ = {isa = PBXFileReference; fileEncoding = 4; lastKnownFileType = sourcecode.swift; path = QuakeMagnitude.swift; sourceTree = "<group>"; };
		60AD2B682AB5CF1100B43EB4 /* EarthquakesTests.xctest */ = {isa = PBXFileReference; explicitFileType = wrapper.cfbundle; includeInIndex = 0; path = EarthquakesTests.xctest; sourceTree = BUILT_PRODUCTS_DIR; };
		60AD2B6A2AB5CF1100B43EB4 /* EarthquakesTests.swift */ = {isa = PBXFileReference; lastKnownFileType = sourcecode.swift; path = EarthquakesTests.swift; sourceTree = "<group>"; };
		60AD2B712AB5D13400B43EB4 /* TestData.swift */ = {isa = PBXFileReference; lastKnownFileType = sourcecode.swift; path = TestData.swift; sourceTree = "<group>"; };
		60AD2B732AB60DFA00B43EB4 /* GeoJSON.swift */ = {isa = PBXFileReference; lastKnownFileType = sourcecode.swift; path = GeoJSON.swift; sourceTree = "<group>"; };
		60AD2B752AB616E100B43EB4 /* QuakeLocation.swift */ = {isa = PBXFileReference; lastKnownFileType = sourcecode.swift; path = QuakeLocation.swift; sourceTree = "<group>"; };
/* End PBXFileReference section */

/* Begin PBXFrameworksBuildPhase section */
		6066D83E2AB5250F00F72101 /* Frameworks */ = {
			isa = PBXFrameworksBuildPhase;
			buildActionMask = 2147483647;
			files = (
			);
			runOnlyForDeploymentPostprocessing = 0;
		};
		60AD2B652AB5CF1100B43EB4 /* Frameworks */ = {
			isa = PBXFrameworksBuildPhase;
			buildActionMask = 2147483647;
			files = (
			);
			runOnlyForDeploymentPostprocessing = 0;
		};
/* End PBXFrameworksBuildPhase section */

/* Begin PBXGroup section */
		6066D8382AB5250F00F72101 = {
			isa = PBXGroup;
			children = (
				6066D8432AB5250F00F72101 /* Earthquakes */,
				60AD2B692AB5CF1100B43EB4 /* EarthquakesTests */,
				6066D8422AB5250F00F72101 /* Products */,
			);
			sourceTree = "<group>";
		};
		6066D8422AB5250F00F72101 /* Products */ = {
			isa = PBXGroup;
			children = (
				6066D8412AB5250F00F72101 /* Earthquakes.app */,
				60AD2B682AB5CF1100B43EB4 /* EarthquakesTests.xctest */,
			);
			name = Products;
			sourceTree = "<group>";
		};
		6066D8432AB5250F00F72101 /* Earthquakes */ = {
			isa = PBXGroup;
			children = (
				6066D8572AB5284400F72101 /* Models */,
				6066D8562AB5283D00F72101 /* Views */,
				6066D8442AB5250F00F72101 /* EarthquakesApp.swift */,
				6066D8482AB5251000F72101 /* Assets.xcassets */,
				6066D84A2AB5251100F72101 /* Preview Content */,
			);
			path = Earthquakes;
			sourceTree = "<group>";
		};
		6066D84A2AB5251100F72101 /* Preview Content */ = {
			isa = PBXGroup;
			children = (
				6066D84B2AB5251100F72101 /* Preview Assets.xcassets */,
				60AD2B712AB5D13400B43EB4 /* TestData.swift */,
			);
			path = "Preview Content";
			sourceTree = "<group>";
		};
		6066D8562AB5283D00F72101 /* Views */ = {
			isa = PBXGroup;
			children = (
				6066D8462AB5250F00F72101 /* Quakes.swift */,
				609B32FD2AB725D600AC5C8E /* QuakeRow.swift */,
				609B33102AB75CFB00AC5C8E /* QuakeMagnitude.swift */,
				609B33012AB75CA600AC5C8E /* ToolbarContent */,
			);
			path = Views;
			sourceTree = "<group>";
		};
		6066D8572AB5284400F72101 /* Models */ = {
			isa = PBXGroup;
			children = (
				6066D85A2AB5294E00F72101 /* Quake.swift */,
				609B330E2AB75CD800AC5C8E /* Quake+Color.swift */,
				6066D85C2AB52EF000F72101 /* QuakeError.swift */,
				60AD2B732AB60DFA00B43EB4 /* GeoJSON.swift */,
				60AD2B752AB616E100B43EB4 /* QuakeLocation.swift */,
				609B32F32AB6CCB800AC5C8E /* HTTPDataDownloader.swift */,
				609B32F62AB6DBE800AC5C8E /* QuakeClient.swift */,
				609B32F92AB6F19000AC5C8E /* TestDownloader.swift */,
				609B32FB2AB71FCD00AC5C8E /* QuakesProvider.swift */,
				6092E64A2AB980310028FE10 /* CacheEntry.swift */,
				6092E64C2AB981290028FE10 /* NSCache+Subscript.swift */,
			);
			path = Models;
			sourceTree = "<group>";
		};
		609B33012AB75CA600AC5C8E /* ToolbarContent */ = {
			isa = PBXGroup;
			children = (
				609B33022AB75CA600AC5C8E /* EditButton.swift */,
				609B33032AB75CA600AC5C8E /* SelectButton.swift */,
				609B33042AB75CA600AC5C8E /* RefreshButton.swift */,
				609B33052AB75CA600AC5C8E /* DeleteButton.swift */,
				609B33062AB75CA600AC5C8E /* Quakes+Toolbar.swift */,
				609B33072AB75CA600AC5C8E /* ToolbarStatus.swift */,
			);
			path = ToolbarContent;
			sourceTree = "<group>";
		};
		60AD2B692AB5CF1100B43EB4 /* EarthquakesTests */ = {
			isa = PBXGroup;
			children = (
				60AD2B6A2AB5CF1100B43EB4 /* EarthquakesTests.swift */,
			);
			path = EarthquakesTests;
			sourceTree = "<group>";
		};
/* End PBXGroup section */

/* Begin PBXNativeTarget section */
		6066D8402AB5250F00F72101 /* Earthquakes */ = {
			isa = PBXNativeTarget;
			buildConfigurationList = 6066D84F2AB5251100F72101 /* Build configuration list for PBXNativeTarget "Earthquakes" */;
			buildPhases = (
				6066D83D2AB5250F00F72101 /* Sources */,
				6066D83E2AB5250F00F72101 /* Frameworks */,
				6066D83F2AB5250F00F72101 /* Resources */,
			);
			buildRules = (
			);
			dependencies = (
			);
			name = Earthquakes;
			productName = Earthquakes;
			productReference = 6066D8412AB5250F00F72101 /* Earthquakes.app */;
			productType = "com.apple.product-type.application";
		};
		60AD2B672AB5CF1100B43EB4 /* EarthquakesTests */ = {
			isa = PBXNativeTarget;
			buildConfigurationList = 60AD2B6E2AB5CF1100B43EB4 /* Build configuration list for PBXNativeTarget "EarthquakesTests" */;
			buildPhases = (
				60AD2B642AB5CF1100B43EB4 /* Sources */,
				60AD2B652AB5CF1100B43EB4 /* Frameworks */,
				60AD2B662AB5CF1100B43EB4 /* Resources */,
			);
			buildRules = (
			);
			dependencies = (
				60AD2B6D2AB5CF1100B43EB4 /* PBXTargetDependency */,
			);
			name = EarthquakesTests;
			productName = EarthquakesTests;
			productReference = 60AD2B682AB5CF1100B43EB4 /* EarthquakesTests.xctest */;
			productType = "com.apple.product-type.bundle.unit-test";
		};
/* End PBXNativeTarget section */

/* Begin PBXProject section */
		6066D8392AB5250F00F72101 /* Project object */ = {
			isa = PBXProject;
			attributes = {
				BuildIndependentTargetsInParallel = 1;
				LastSwiftUpdateCheck = 1430;
				LastUpgradeCheck = 1430;
				TargetAttributes = {
					6066D8402AB5250F00F72101 = {
						CreatedOnToolsVersion = 14.3.1;
					};
					60AD2B672AB5CF1100B43EB4 = {
						CreatedOnToolsVersion = 14.3.1;
						TestTargetID = 6066D8402AB5250F00F72101;
					};
				};
			};
			buildConfigurationList = 6066D83C2AB5250F00F72101 /* Build configuration list for PBXProject "Earthquakes" */;
			compatibilityVersion = "Xcode 14.0";
			developmentRegion = en;
			hasScannedForEncodings = 0;
			knownRegions = (
				en,
				Base,
			);
			mainGroup = 6066D8382AB5250F00F72101;
			productRefGroup = 6066D8422AB5250F00F72101 /* Products */;
			projectDirPath = "";
			projectRoot = "";
			targets = (
				6066D8402AB5250F00F72101 /* Earthquakes */,
				60AD2B672AB5CF1100B43EB4 /* EarthquakesTests */,
			);
		};
/* End PBXProject section */

/* Begin PBXResourcesBuildPhase section */
		6066D83F2AB5250F00F72101 /* Resources */ = {
			isa = PBXResourcesBuildPhase;
			buildActionMask = 2147483647;
			files = (
				6066D84C2AB5251100F72101 /* Preview Assets.xcassets in Resources */,
				6066D8492AB5251000F72101 /* Assets.xcassets in Resources */,
			);
			runOnlyForDeploymentPostprocessing = 0;
		};
		60AD2B662AB5CF1100B43EB4 /* Resources */ = {
			isa = PBXResourcesBuildPhase;
			buildActionMask = 2147483647;
			files = (
			);
			runOnlyForDeploymentPostprocessing = 0;
		};
/* End PBXResourcesBuildPhase section */

/* Begin PBXSourcesBuildPhase section */
		6066D83D2AB5250F00F72101 /* Sources */ = {
			isa = PBXSourcesBuildPhase;
			buildActionMask = 2147483647;
			files = (
				609B33112AB75CFB00AC5C8E /* QuakeMagnitude.swift in Sources */,
				609B32FC2AB71FCD00AC5C8E /* QuakesProvider.swift in Sources */,
				6092E64B2AB980310028FE10 /* CacheEntry.swift in Sources */,
				609B32F82AB6E25300AC5C8E /* TestData.swift in Sources */,
				60AD2B742AB60DFA00B43EB4 /* GeoJSON.swift in Sources */,
				609B32F52AB6CCBE00AC5C8E /* HTTPDataDownloader.swift in Sources */,
				609B32FE2AB725D600AC5C8E /* QuakeRow.swift in Sources */,
				609B330C2AB75CA600AC5C8E /* Quakes+Toolbar.swift in Sources */,
				609B32F72AB6DBE800AC5C8E /* QuakeClient.swift in Sources */,
				609B330D2AB75CA600AC5C8E /* ToolbarStatus.swift in Sources */,
				6066D85D2AB52EF000F72101 /* QuakeError.swift in Sources */,
				609B330F2AB75CD800AC5C8E /* Quake+Color.swift in Sources */,
				609B330B2AB75CA600AC5C8E /* DeleteButton.swift in Sources */,
				60AD2B762AB616E100B43EB4 /* QuakeLocation.swift in Sources */,
				609B330A2AB75CA600AC5C8E /* RefreshButton.swift in Sources */,
				609B33092AB75CA600AC5C8E /* SelectButton.swift in Sources */,
				609B33082AB75CA600AC5C8E /* EditButton.swift in Sources */,
				609B32FA2AB6F19000AC5C8E /* TestDownloader.swift in Sources */,
				6066D8472AB5250F00F72101 /* Quakes.swift in Sources */,
				6066D85B2AB5294E00F72101 /* Quake.swift in Sources */,
				6066D8452AB5250F00F72101 /* EarthquakesApp.swift in Sources */,
				6092E64D2AB981290028FE10 /* NSCache+Subscript.swift in Sources */,
			);
			runOnlyForDeploymentPostprocessing = 0;
		};
		60AD2B642AB5CF1100B43EB4 /* Sources */ = {
			isa = PBXSourcesBuildPhase;
			buildActionMask = 2147483647;
			files = (
				60AD2B6B2AB5CF1100B43EB4 /* EarthquakesTests.swift in Sources */,
			);
			runOnlyForDeploymentPostprocessing = 0;
		};
/* End PBXSourcesBuildPhase section */

/* Begin PBXTargetDependency section */
		60AD2B6D2AB5CF1100B43EB4 /* PBXTargetDependency */ = {
			isa = PBXTargetDependency;
			target = 6066D8402AB5250F00F72101 /* Earthquakes */;
			targetProxy = 60AD2B6C2AB5CF1100B43EB4 /* PBXContainerItemProxy */;
		};
/* End PBXTargetDependency section */

/* Begin XCBuildConfiguration section */
		6066D84D2AB5251100F72101 /* Debug */ = {
			isa = XCBuildConfiguration;
			buildSettings = {
				ALWAYS_SEARCH_USER_PATHS = NO;
				CLANG_ANALYZER_NONNULL = YES;
				CLANG_ANALYZER_NUMBER_OBJECT_CONVERSION = YES_AGGRESSIVE;
				CLANG_CXX_LANGUAGE_STANDARD = "gnu++20";
				CLANG_ENABLE_MODULES = YES;
				CLANG_ENABLE_OBJC_ARC = YES;
				CLANG_ENABLE_OBJC_WEAK = YES;
				CLANG_WARN_BLOCK_CAPTURE_AUTORELEASING = YES;
				CLANG_WARN_BOOL_CONVERSION = YES;
				CLANG_WARN_COMMA = YES;
				CLANG_WARN_CONSTANT_CONVERSION = YES;
				CLANG_WARN_DEPRECATED_OBJC_IMPLEMENTATIONS = YES;
				CLANG_WARN_DIRECT_OBJC_ISA_USAGE = YES_ERROR;
				CLANG_WARN_DOCUMENTATION_COMMENTS = YES;
				CLANG_WARN_EMPTY_BODY = YES;
				CLANG_WARN_ENUM_CONVERSION = YES;
				CLANG_WARN_INFINITE_RECURSION = YES;
				CLANG_WARN_INT_CONVERSION = YES;
				CLANG_WARN_NON_LITERAL_NULL_CONVERSION = YES;
				CLANG_WARN_OBJC_IMPLICIT_RETAIN_SELF = YES;
				CLANG_WARN_OBJC_LITERAL_CONVERSION = YES;
				CLANG_WARN_OBJC_ROOT_CLASS = YES_ERROR;
				CLANG_WARN_QUOTED_INCLUDE_IN_FRAMEWORK_HEADER = YES;
				CLANG_WARN_RANGE_LOOP_ANALYSIS = YES;
				CLANG_WARN_STRICT_PROTOTYPES = YES;
				CLANG_WARN_SUSPICIOUS_MOVE = YES;
				CLANG_WARN_UNGUARDED_AVAILABILITY = YES_AGGRESSIVE;
				CLANG_WARN_UNREACHABLE_CODE = YES;
				CLANG_WARN__DUPLICATE_METHOD_MATCH = YES;
				COPY_PHASE_STRIP = NO;
				DEBUG_INFORMATION_FORMAT = dwarf;
				ENABLE_STRICT_OBJC_MSGSEND = YES;
				ENABLE_TESTABILITY = YES;
				GCC_C_LANGUAGE_STANDARD = gnu11;
				GCC_DYNAMIC_NO_PIC = NO;
				GCC_NO_COMMON_BLOCKS = YES;
				GCC_OPTIMIZATION_LEVEL = 0;
				GCC_PREPROCESSOR_DEFINITIONS = (
					"DEBUG=1",
					"$(inherited)",
				);
				GCC_WARN_64_TO_32_BIT_CONVERSION = YES;
				GCC_WARN_ABOUT_RETURN_TYPE = YES_ERROR;
				GCC_WARN_UNDECLARED_SELECTOR = YES;
				GCC_WARN_UNINITIALIZED_AUTOS = YES_AGGRESSIVE;
				GCC_WARN_UNUSED_FUNCTION = YES;
				GCC_WARN_UNUSED_VARIABLE = YES;
				IPHONEOS_DEPLOYMENT_TARGET = 16.4;
				MTL_ENABLE_DEBUG_INFO = INCLUDE_SOURCE;
				MTL_FAST_MATH = YES;
				ONLY_ACTIVE_ARCH = YES;
				SDKROOT = iphoneos;
				SWIFT_ACTIVE_COMPILATION_CONDITIONS = DEBUG;
				SWIFT_OPTIMIZATION_LEVEL = "-Onone";
			};
			name = Debug;
		};
		6066D84E2AB5251100F72101 /* Release */ = {
			isa = XCBuildConfiguration;
			buildSettings = {
				ALWAYS_SEARCH_USER_PATHS = NO;
				CLANG_ANALYZER_NONNULL = YES;
				CLANG_ANALYZER_NUMBER_OBJECT_CONVERSION = YES_AGGRESSIVE;
				CLANG_CXX_LANGUAGE_STANDARD = "gnu++20";
				CLANG_ENABLE_MODULES = YES;
				CLANG_ENABLE_OBJC_ARC = YES;
				CLANG_ENABLE_OBJC_WEAK = YES;
				CLANG_WARN_BLOCK_CAPTURE_AUTORELEASING = YES;
				CLANG_WARN_BOOL_CONVERSION = YES;
				CLANG_WARN_COMMA = YES;
				CLANG_WARN_CONSTANT_CONVERSION = YES;
				CLANG_WARN_DEPRECATED_OBJC_IMPLEMENTATIONS = YES;
				CLANG_WARN_DIRECT_OBJC_ISA_USAGE = YES_ERROR;
				CLANG_WARN_DOCUMENTATION_COMMENTS = YES;
				CLANG_WARN_EMPTY_BODY = YES;
				CLANG_WARN_ENUM_CONVERSION = YES;
				CLANG_WARN_INFINITE_RECURSION = YES;
				CLANG_WARN_INT_CONVERSION = YES;
				CLANG_WARN_NON_LITERAL_NULL_CONVERSION = YES;
				CLANG_WARN_OBJC_IMPLICIT_RETAIN_SELF = YES;
				CLANG_WARN_OBJC_LITERAL_CONVERSION = YES;
				CLANG_WARN_OBJC_ROOT_CLASS = YES_ERROR;
				CLANG_WARN_QUOTED_INCLUDE_IN_FRAMEWORK_HEADER = YES;
				CLANG_WARN_RANGE_LOOP_ANALYSIS = YES;
				CLANG_WARN_STRICT_PROTOTYPES = YES;
				CLANG_WARN_SUSPICIOUS_MOVE = YES;
				CLANG_WARN_UNGUARDED_AVAILABILITY = YES_AGGRESSIVE;
				CLANG_WARN_UNREACHABLE_CODE = YES;
				CLANG_WARN__DUPLICATE_METHOD_MATCH = YES;
				COPY_PHASE_STRIP = NO;
				DEBUG_INFORMATION_FORMAT = "dwarf-with-dsym";
				ENABLE_NS_ASSERTIONS = NO;
				ENABLE_STRICT_OBJC_MSGSEND = YES;
				GCC_C_LANGUAGE_STANDARD = gnu11;
				GCC_NO_COMMON_BLOCKS = YES;
				GCC_WARN_64_TO_32_BIT_CONVERSION = YES;
				GCC_WARN_ABOUT_RETURN_TYPE = YES_ERROR;
				GCC_WARN_UNDECLARED_SELECTOR = YES;
				GCC_WARN_UNINITIALIZED_AUTOS = YES_AGGRESSIVE;
				GCC_WARN_UNUSED_FUNCTION = YES;
				GCC_WARN_UNUSED_VARIABLE = YES;
				IPHONEOS_DEPLOYMENT_TARGET = 16.4;
				MTL_ENABLE_DEBUG_INFO = NO;
				MTL_FAST_MATH = YES;
				SDKROOT = iphoneos;
				SWIFT_COMPILATION_MODE = wholemodule;
				SWIFT_OPTIMIZATION_LEVEL = "-O";
				VALIDATE_PRODUCT = YES;
			};
			name = Release;
		};
		6066D8502AB5251100F72101 /* Debug */ = {
			isa = XCBuildConfiguration;
			buildSettings = {
				ASSETCATALOG_COMPILER_APPICON_NAME = AppIcon;
				ASSETCATALOG_COMPILER_GLOBAL_ACCENT_COLOR_NAME = AccentColor;
				CODE_SIGN_STYLE = Automatic;
				CURRENT_PROJECT_VERSION = 1;
				DEVELOPMENT_ASSET_PATHS = "\"Earthquakes/Preview Content\"";
				DEVELOPMENT_TEAM = UTHCCU7C7S;
				ENABLE_PREVIEWS = YES;
				GENERATE_INFOPLIST_FILE = YES;
				INFOPLIST_KEY_UIApplicationSceneManifest_Generation = YES;
				INFOPLIST_KEY_UIApplicationSupportsIndirectInputEvents = YES;
				INFOPLIST_KEY_UILaunchScreen_Generation = YES;
				INFOPLIST_KEY_UISupportedInterfaceOrientations_iPad = "UIInterfaceOrientationPortrait UIInterfaceOrientationPortraitUpsideDown UIInterfaceOrientationLandscapeLeft UIInterfaceOrientationLandscapeRight";
				INFOPLIST_KEY_UISupportedInterfaceOrientations_iPhone = "UIInterfaceOrientationPortrait UIInterfaceOrientationLandscapeLeft UIInterfaceOrientationLandscapeRight";
				LD_RUNPATH_SEARCH_PATHS = (
					"$(inherited)",
					"@executable_path/Frameworks",
				);
				MARKETING_VERSION = 1.0;
				PRODUCT_BUNDLE_IDENTIFIER = com.mycompany.Earthquakes;
				PRODUCT_NAME = "$(TARGET_NAME)";
				SWIFT_EMIT_LOC_STRINGS = YES;
				SWIFT_VERSION = 5.0;
				TARGETED_DEVICE_FAMILY = "1,2";
			};
			name = Debug;
		};
		6066D8512AB5251100F72101 /* Release */ = {
			isa = XCBuildConfiguration;
			buildSettings = {
				ASSETCATALOG_COMPILER_APPICON_NAME = AppIcon;
				ASSETCATALOG_COMPILER_GLOBAL_ACCENT_COLOR_NAME = AccentColor;
				CODE_SIGN_STYLE = Automatic;
				CURRENT_PROJECT_VERSION = 1;
				DEVELOPMENT_ASSET_PATHS = "\"Earthquakes/Preview Content\"";
				DEVELOPMENT_TEAM = UTHCCU7C7S;
				ENABLE_PREVIEWS = YES;
				GENERATE_INFOPLIST_FILE = YES;
				INFOPLIST_KEY_UIApplicationSceneManifest_Generation = YES;
				INFOPLIST_KEY_UIApplicationSupportsIndirectInputEvents = YES;
				INFOPLIST_KEY_UILaunchScreen_Generation = YES;
				INFOPLIST_KEY_UISupportedInterfaceOrientations_iPad = "UIInterfaceOrientationPortrait UIInterfaceOrientationPortraitUpsideDown UIInterfaceOrientationLandscapeLeft UIInterfaceOrientationLandscapeRight";
				INFOPLIST_KEY_UISupportedInterfaceOrientations_iPhone = "UIInterfaceOrientationPortrait UIInterfaceOrientationLandscapeLeft UIInterfaceOrientationLandscapeRight";
				LD_RUNPATH_SEARCH_PATHS = (
					"$(inherited)",
					"@executable_path/Frameworks",
				);
				MARKETING_VERSION = 1.0;
				PRODUCT_BUNDLE_IDENTIFIER = com.mycompany.Earthquakes;
				PRODUCT_NAME = "$(TARGET_NAME)";
				SWIFT_EMIT_LOC_STRINGS = YES;
				SWIFT_VERSION = 5.0;
				TARGETED_DEVICE_FAMILY = "1,2";
			};
			name = Release;
		};
		60AD2B6F2AB5CF1100B43EB4 /* Debug */ = {
			isa = XCBuildConfiguration;
			buildSettings = {
				BUNDLE_LOADER = "$(TEST_HOST)";
				CODE_SIGN_STYLE = Automatic;
				CURRENT_PROJECT_VERSION = 1;
				DEVELOPMENT_TEAM = UTHCCU7C7S;
				GENERATE_INFOPLIST_FILE = YES;
				MARKETING_VERSION = 1.0;
				PRODUCT_BUNDLE_IDENTIFIER = com.mycompany.EarthquakesTests;
				PRODUCT_NAME = "$(TARGET_NAME)";
				SWIFT_EMIT_LOC_STRINGS = NO;
				SWIFT_VERSION = 5.0;
				TARGETED_DEVICE_FAMILY = "1,2";
				TEST_HOST = "$(BUILT_PRODUCTS_DIR)/Earthquakes.app/$(BUNDLE_EXECUTABLE_FOLDER_PATH)/Earthquakes";
			};
			name = Debug;
		};
		60AD2B702AB5CF1100B43EB4 /* Release */ = {
			isa = XCBuildConfiguration;
			buildSettings = {
				BUNDLE_LOADER = "$(TEST_HOST)";
				CODE_SIGN_STYLE = Automatic;
				CURRENT_PROJECT_VERSION = 1;
				DEVELOPMENT_TEAM = UTHCCU7C7S;
				GENERATE_INFOPLIST_FILE = YES;
				MARKETING_VERSION = 1.0;
				PRODUCT_BUNDLE_IDENTIFIER = com.mycompany.EarthquakesTests;
				PRODUCT_NAME = "$(TARGET_NAME)";
				SWIFT_EMIT_LOC_STRINGS = NO;
				SWIFT_VERSION = 5.0;
				TARGETED_DEVICE_FAMILY = "1,2";
				TEST_HOST = "$(BUILT_PRODUCTS_DIR)/Earthquakes.app/$(BUNDLE_EXECUTABLE_FOLDER_PATH)/Earthquakes";
			};
			name = Release;
		};
/* End XCBuildConfiguration section */

/* Begin XCConfigurationList section */
		6066D83C2AB5250F00F72101 /* Build configuration list for PBXProject "Earthquakes" */ = {
			isa = XCConfigurationList;
			buildConfigurations = (
				6066D84D2AB5251100F72101 /* Debug */,
				6066D84E2AB5251100F72101 /* Release */,
			);
			defaultConfigurationIsVisible = 0;
			defaultConfigurationName = Release;
		};
		6066D84F2AB5251100F72101 /* Build configuration list for PBXNativeTarget "Earthquakes" */ = {
			isa = XCConfigurationList;
			buildConfigurations = (
				6066D8502AB5251100F72101 /* Debug */,
				6066D8512AB5251100F72101 /* Release */,
			);
			defaultConfigurationIsVisible = 0;
			defaultConfigurationName = Release;
		};
		60AD2B6E2AB5CF1100B43EB4 /* Build configuration list for PBXNativeTarget "EarthquakesTests" */ = {
			isa = XCConfigurationList;
			buildConfigurations = (
				60AD2B6F2AB5CF1100B43EB4 /* Debug */,
				60AD2B702AB5CF1100B43EB4 /* Release */,
			);
			defaultConfigurationIsVisible = 0;
			defaultConfigurationName = Release;
		};
/* End XCConfigurationList section */
	};
	rootObject = 6066D8392AB5250F00F72101 /* Project object */;
}
